
Microsoft Visual Studio Solution File, Format Version 12.00
# Visual Studio Version 17
VisualStudioVersion = 17.0.31903.59
MinimumVisualStudioVersion = 10.0.40219.1
Project("{9A19103F-16F7-4668-BE54-9A1E7A4F7556}") = "HistoricalWeatherLookup", "src\HistoricalWeatherLookup\HistoricalWeatherLookup.csproj", "{46195567-D2AA-414B-A120-05EE5E3E9A4C}"
EndProject
Project("{9A19103F-16F7-4668-BE54-9A1E7A4F7556}") = "LocationLookup", "src\LocationLookup\LocationLookup.csproj", "{06098A29-2700-4D44-81C3-BC6EA61A646B}"
EndProject
Project("{9A19103F-16F7-4668-BE54-9A1E7A4F7556}") = "OrderHistory", "src\OrderHistory\OrderHistory.csproj", "{257BF173-AEC7-4EFC-A333-F645E5A789BE}"
EndProject
Project("{9A19103F-16F7-4668-BE54-9A1E7A4F7556}") = "ProductCatalog", "src\ProductCatalog\ProductCatalog.csproj", "{9E82AE12-B936-4036-8E35-D08036512C7B}"
EndProject
Project("{9A19103F-16F7-4668-BE54-9A1E7A4F7556}") = "RecommendationApi", "src\RecommendationApi\RecommendationApi.csproj", "{96042EFD-C379-4AA7-A303-42DBD7B94C30}"
EndProject
Project("{54A90642-561A-4BB1-A94E-469ADEE60C69}") = "recommendation-web-app", "src\recommendation-web-app\recommendation-web-app.esproj", "{961DE240-E691-42CF-A2D7-1710CC8E31DF}"
EndProject
Project("{2150E333-8FDC-42A3-9474-1A3956D46DE8}") = "Solution Items", "Solution Items", "{D44DC587-49AB-41D5-A698-1D8A2EE714E7}"
	ProjectSection(SolutionItems) = preProject
		.gitignore = .gitignore
		azure.yaml = azure.yaml
		LICENSE = LICENSE
		README.md = README.md
		tye.yaml = tye.yaml
	EndProjectSection
EndProject
Project("{9A19103F-16F7-4668-BE54-9A1E7A4F7556}") = "HitTVShows", "src\HitTVShows\HitTVShows.csproj", "{DA6F51C6-86E2-4DEA-9EA7-C33AA449504B}"
EndProject
Project("{9A19103F-16F7-4668-BE54-9A1E7A4F7556}") = "HitMovies", "src\HitMovies\HitMovies.csproj", "{67BADDB6-9EF1-412B-88DF-57D671D715B0}"
EndProject
Global
	GlobalSection(SolutionConfigurationPlatforms) = preSolution
		Debug|Any CPU = Debug|Any CPU
		Release|Any CPU = Release|Any CPU
	EndGlobalSection
	GlobalSection(ProjectConfigurationPlatforms) = postSolution
		{46195567-D2AA-414B-A120-05EE5E3E9A4C}.Debug|Any CPU.ActiveCfg = Debug|Any CPU
		{46195567-D2AA-414B-A120-05EE5E3E9A4C}.Debug|Any CPU.Build.0 = Debug|Any CPU
		{46195567-D2AA-414B-A120-05EE5E3E9A4C}.Release|Any CPU.ActiveCfg = Release|Any CPU
		{46195567-D2AA-414B-A120-05EE5E3E9A4C}.Release|Any CPU.Build.0 = Release|Any CPU
		{06098A29-2700-4D44-81C3-BC6EA61A646B}.Debug|Any CPU.ActiveCfg = Debug|Any CPU
		{06098A29-2700-4D44-81C3-BC6EA61A646B}.Debug|Any CPU.Build.0 = Debug|Any CPU
		{06098A29-2700-4D44-81C3-BC6EA61A646B}.Release|Any CPU.ActiveCfg = Release|Any CPU
		{06098A29-2700-4D44-81C3-BC6EA61A646B}.Release|Any CPU.Build.0 = Release|Any CPU
		{257BF173-AEC7-4EFC-A333-F645E5A789BE}.Debug|Any CPU.ActiveCfg = Debug|Any CPU
		{257BF173-AEC7-4EFC-A333-F645E5A789BE}.Debug|Any CPU.Build.0 = Debug|Any CPU
		{257BF173-AEC7-4EFC-A333-F645E5A789BE}.Release|Any CPU.ActiveCfg = Release|Any CPU
		{257BF173-AEC7-4EFC-A333-F645E5A789BE}.Release|Any CPU.Build.0 = Release|Any CPU
		{9E82AE12-B936-4036-8E35-D08036512C7B}.Debug|Any CPU.ActiveCfg = Debug|Any CPU
		{9E82AE12-B936-4036-8E35-D08036512C7B}.Debug|Any CPU.Build.0 = Debug|Any CPU
		{9E82AE12-B936-4036-8E35-D08036512C7B}.Release|Any CPU.ActiveCfg = Release|Any CPU
		{9E82AE12-B936-4036-8E35-D08036512C7B}.Release|Any CPU.Build.0 = Release|Any CPU
		{96042EFD-C379-4AA7-A303-42DBD7B94C30}.Debug|Any CPU.ActiveCfg = Debug|Any CPU
		{96042EFD-C379-4AA7-A303-42DBD7B94C30}.Debug|Any CPU.Build.0 = Debug|Any CPU
		{96042EFD-C379-4AA7-A303-42DBD7B94C30}.Release|Any CPU.ActiveCfg = Release|Any CPU
		{96042EFD-C379-4AA7-A303-42DBD7B94C30}.Release|Any CPU.Build.0 = Release|Any CPU
		{961DE240-E691-42CF-A2D7-1710CC8E31DF}.Debug|Any CPU.ActiveCfg = Debug|Any CPU
		{961DE240-E691-42CF-A2D7-1710CC8E31DF}.Debug|Any CPU.Build.0 = Debug|Any CPU
		{961DE240-E691-42CF-A2D7-1710CC8E31DF}.Debug|Any CPU.Deploy.0 = Debug|Any CPU
		{961DE240-E691-42CF-A2D7-1710CC8E31DF}.Release|Any CPU.ActiveCfg = Release|Any CPU
		{961DE240-E691-42CF-A2D7-1710CC8E31DF}.Release|Any CPU.Build.0 = Release|Any CPU
		{961DE240-E691-42CF-A2D7-1710CC8E31DF}.Release|Any CPU.Deploy.0 = Release|Any CPU
		{DA6F51C6-86E2-4DEA-9EA7-C33AA449504B}.Debug|Any CPU.ActiveCfg = Debug|Any CPU
		{DA6F51C6-86E2-4DEA-9EA7-C33AA449504B}.Debug|Any CPU.Build.0 = Debug|Any CPU
		{DA6F51C6-86E2-4DEA-9EA7-C33AA449504B}.Release|Any CPU.ActiveCfg = Release|Any CPU
		{DA6F51C6-86E2-4DEA-9EA7-C33AA449504B}.Release|Any CPU.Build.0 = Release|Any CPU
		{67BADDB6-9EF1-412B-88DF-57D671D715B0}.Debug|Any CPU.ActiveCfg = Debug|Any CPU
		{67BADDB6-9EF1-412B-88DF-57D671D715B0}.Debug|Any CPU.Build.0 = Debug|Any CPU
		{67BADDB6-9EF1-412B-88DF-57D671D715B0}.Release|Any CPU.ActiveCfg = Release|Any CPU
		{67BADDB6-9EF1-412B-88DF-57D671D715B0}.Release|Any CPU.Build.0 = Release|Any CPU
	EndGlobalSection
	GlobalSection(SolutionProperties) = preSolution
		HideSolutionNode = FALSE
	EndGlobalSection
	GlobalSection(ExtensibilityGlobals) = postSolution
		SolutionGuid = {F5CA88FE-8981-4DEA-91F3-2569C3E433CE}
	EndGlobalSection
EndGlobal
